// !$*UTF8*$!
{
	archiveVersion = 1;
	classes = {
	};
	objectVersion = 51;
	objects = {

/* Begin PBXBuildFile section */
		4CF83F1ED0C2A5E1E34A4ACD /* Pods_StoryAppTests.framework in Frameworks */ = {isa = PBXBuildFile; fileRef = 22763BBA68145C8AC07FE129 /* Pods_StoryAppTests.framework */; };
		922C9CC123B9AAA500EECD03 /* ServerTime+CoreDataClass.swift in Sources */ = {isa = PBXBuildFile; fileRef = 922C9CBF23B9AAA500EECD03 /* ServerTime+CoreDataClass.swift */; };
		922C9CC223B9AAA500EECD03 /* ServerTime+CoreDataProperties.swift in Sources */ = {isa = PBXBuildFile; fileRef = 922C9CC023B9AAA500EECD03 /* ServerTime+CoreDataProperties.swift */; };
		922C9CC423B9ABA100EECD03 /* SyncManager.swift in Sources */ = {isa = PBXBuildFile; fileRef = 922C9CC323B9ABA100EECD03 /* SyncManager.swift */; };
		924C1D1523B72DFF00E7CAFB /* StoryListDataSource.swift in Sources */ = {isa = PBXBuildFile; fileRef = 924C1D1423B72DFF00E7CAFB /* StoryListDataSource.swift */; };
		927D764C23BA2EF60044D15F /* ReachabilityManager.swift in Sources */ = {isa = PBXBuildFile; fileRef = 927D764B23BA2EF60044D15F /* ReachabilityManager.swift */; };
		927D764E23BA414D0044D15F /* CoreTelephony.framework in Frameworks */ = {isa = PBXBuildFile; fileRef = 927D764D23BA414D0044D15F /* CoreTelephony.framework */; };
		92B1F64723B739FD0061505D /* StoryTableViewCell.swift in Sources */ = {isa = PBXBuildFile; fileRef = 92B1F64623B739FD0061505D /* StoryTableViewCell.swift */; };
		92B1F64923B73A350061505D /* StoryTableCellable.swift in Sources */ = {isa = PBXBuildFile; fileRef = 92B1F64823B73A350061505D /* StoryTableCellable.swift */; };
		92B1F65423B73D880061505D /* StoryListDelegate.swift in Sources */ = {isa = PBXBuildFile; fileRef = 92B1F65323B73D880061505D /* StoryListDelegate.swift */; };
		92B1F65623B744F70061505D /* AddNewStoryViewController.swift in Sources */ = {isa = PBXBuildFile; fileRef = 92B1F65523B744F70061505D /* AddNewStoryViewController.swift */; };
		92B1F65A23B7563F0061505D /* AddStoryModelable.swift in Sources */ = {isa = PBXBuildFile; fileRef = 92B1F65923B7563F0061505D /* AddStoryModelable.swift */; };
		92B1F65C23B757350061505D /* AddEditStoryViewModel.swift in Sources */ = {isa = PBXBuildFile; fileRef = 92B1F65B23B757350061505D /* AddEditStoryViewModel.swift */; };
		92B1F65F23B774D60061505D /* Localizable.strings in Resources */ = {isa = PBXBuildFile; fileRef = 92B1F65E23B774D60061505D /* Localizable.strings */; };
		92B1F66123B77EB00061505D /* DBObject.swift in Sources */ = {isa = PBXBuildFile; fileRef = 92B1F66023B77EB00061505D /* DBObject.swift */; };
		92B1F66323B77EEE0061505D /* DBService.swift in Sources */ = {isa = PBXBuildFile; fileRef = 92B1F66223B77EEE0061505D /* DBService.swift */; };
		92B1F66523B77F8F0061505D /* CoreDataService.swift in Sources */ = {isa = PBXBuildFile; fileRef = 92B1F66423B77F8F0061505D /* CoreDataService.swift */; };
		92B1F66823B7BBA40061505D /* Constants.swift in Sources */ = {isa = PBXBuildFile; fileRef = 92B1F66723B7BBA40061505D /* Constants.swift */; };
		92B1F66A23B7BBC90061505D /* ConstraintConstants.swift in Sources */ = {isa = PBXBuildFile; fileRef = 92B1F66923B7BBC90061505D /* ConstraintConstants.swift */; };
		92B1F66D23B911490061505D /* Story+CoreDataProperties.swift in Sources */ = {isa = PBXBuildFile; fileRef = 92B1F66B23B911490061505D /* Story+CoreDataProperties.swift */; };
		92B1F66E23B911490061505D /* Story+CoreDataClass.swift in Sources */ = {isa = PBXBuildFile; fileRef = 92B1F66C23B911490061505D /* Story+CoreDataClass.swift */; };
		92BC5AC123B6FD0A00C4DAE1 /* AppDelegate.swift in Sources */ = {isa = PBXBuildFile; fileRef = 92BC5AC023B6FD0A00C4DAE1 /* AppDelegate.swift */; };
		92BC5ACB23B6FD0A00C4DAE1 /* StoryApp.xcdatamodeld in Sources */ = {isa = PBXBuildFile; fileRef = 92BC5AC923B6FD0A00C4DAE1 /* StoryApp.xcdatamodeld */; };
		92BC5ACD23B6FD1900C4DAE1 /* Assets.xcassets in Resources */ = {isa = PBXBuildFile; fileRef = 92BC5ACC23B6FD1900C4DAE1 /* Assets.xcassets */; };
		92BC5AD023B6FD1900C4DAE1 /* LaunchScreen.storyboard in Resources */ = {isa = PBXBuildFile; fileRef = 92BC5ACE23B6FD1900C4DAE1 /* LaunchScreen.storyboard */; };
		92BC5ADB23B6FD1A00C4DAE1 /* StoryAppTests.swift in Sources */ = {isa = PBXBuildFile; fileRef = 92BC5ADA23B6FD1A00C4DAE1 /* StoryAppTests.swift */; };
		92BC5AEC23B6FE8500C4DAE1 /* Coordinator.swift in Sources */ = {isa = PBXBuildFile; fileRef = 92BC5AEB23B6FE8500C4DAE1 /* Coordinator.swift */; };
		92BC5AEE23B6FEAC00C4DAE1 /* CoordinatorService.swift in Sources */ = {isa = PBXBuildFile; fileRef = 92BC5AED23B6FEAC00C4DAE1 /* CoordinatorService.swift */; };
		92BC5AF423B7003E00C4DAE1 /* StoryListViewController.swift in Sources */ = {isa = PBXBuildFile; fileRef = 92BC5AF323B7003E00C4DAE1 /* StoryListViewController.swift */; };
		92BC5AF723B7008B00C4DAE1 /* StoryListViewModel.swift in Sources */ = {isa = PBXBuildFile; fileRef = 92BC5AF623B7008B00C4DAE1 /* StoryListViewModel.swift */; };
		92BC5AFA23B7013700C4DAE1 /* StoryListViewModelable.swift in Sources */ = {isa = PBXBuildFile; fileRef = 92BC5AF923B7013700C4DAE1 /* StoryListViewModelable.swift */; };
		92DFF61023B9CBB000F4B950 /* Logic.txt in Resources */ = {isa = PBXBuildFile; fileRef = 92DFF60F23B9CBAF00F4B950 /* Logic.txt */; };
		B78E438BEFEF0C9CED59BBF5 /* Pods_StoryApp.framework in Frameworks */ = {isa = PBXBuildFile; fileRef = 0B250BA0F2505C31AE3BE59A /* Pods_StoryApp.framework */; };
/* End PBXBuildFile section */

/* Begin PBXContainerItemProxy section */
		92BC5AD723B6FD1A00C4DAE1 /* PBXContainerItemProxy */ = {
			isa = PBXContainerItemProxy;
			containerPortal = 92BC5AB523B6FD0A00C4DAE1 /* Project object */;
			proxyType = 1;
			remoteGlobalIDString = 92BC5ABC23B6FD0A00C4DAE1;
			remoteInfo = StoryApp;
		};
/* End PBXContainerItemProxy section */

/* Begin PBXFileReference section */
		0B250BA0F2505C31AE3BE59A /* Pods_StoryApp.framework */ = {isa = PBXFileReference; explicitFileType = wrapper.framework; includeInIndex = 0; path = Pods_StoryApp.framework; sourceTree = BUILT_PRODUCTS_DIR; };
		22763BBA68145C8AC07FE129 /* Pods_StoryAppTests.framework */ = {isa = PBXFileReference; explicitFileType = wrapper.framework; includeInIndex = 0; path = Pods_StoryAppTests.framework; sourceTree = BUILT_PRODUCTS_DIR; };
		2EF6B019A662AC01213C009E /* Pods-StoryApp.release.xcconfig */ = {isa = PBXFileReference; includeInIndex = 1; lastKnownFileType = text.xcconfig; name = "Pods-StoryApp.release.xcconfig"; path = "Target Support Files/Pods-StoryApp/Pods-StoryApp.release.xcconfig"; sourceTree = "<group>"; };
		59205AE0E1FCA653D796DB95 /* Pods-StoryAppTests.release.xcconfig */ = {isa = PBXFileReference; includeInIndex = 1; lastKnownFileType = text.xcconfig; name = "Pods-StoryAppTests.release.xcconfig"; path = "Target Support Files/Pods-StoryAppTests/Pods-StoryAppTests.release.xcconfig"; sourceTree = "<group>"; };
		922C9CBF23B9AAA500EECD03 /* ServerTime+CoreDataClass.swift */ = {isa = PBXFileReference; fileEncoding = 4; lastKnownFileType = sourcecode.swift; path = "ServerTime+CoreDataClass.swift"; sourceTree = "<group>"; };
		922C9CC023B9AAA500EECD03 /* ServerTime+CoreDataProperties.swift */ = {isa = PBXFileReference; fileEncoding = 4; lastKnownFileType = sourcecode.swift; path = "ServerTime+CoreDataProperties.swift"; sourceTree = "<group>"; };
		922C9CC323B9ABA100EECD03 /* SyncManager.swift */ = {isa = PBXFileReference; lastKnownFileType = sourcecode.swift; path = SyncManager.swift; sourceTree = "<group>"; };
		924C1D1423B72DFF00E7CAFB /* StoryListDataSource.swift */ = {isa = PBXFileReference; lastKnownFileType = sourcecode.swift; path = StoryListDataSource.swift; sourceTree = "<group>"; };
		927D764B23BA2EF60044D15F /* ReachabilityManager.swift */ = {isa = PBXFileReference; lastKnownFileType = sourcecode.swift; path = ReachabilityManager.swift; sourceTree = "<group>"; };
		927D764D23BA414D0044D15F /* CoreTelephony.framework */ = {isa = PBXFileReference; lastKnownFileType = wrapper.framework; name = CoreTelephony.framework; path = System/Library/Frameworks/CoreTelephony.framework; sourceTree = SDKROOT; };
		92B1F64623B739FD0061505D /* StoryTableViewCell.swift */ = {isa = PBXFileReference; lastKnownFileType = sourcecode.swift; path = StoryTableViewCell.swift; sourceTree = "<group>"; };
		92B1F64823B73A350061505D /* StoryTableCellable.swift */ = {isa = PBXFileReference; lastKnownFileType = sourcecode.swift; path = StoryTableCellable.swift; sourceTree = "<group>"; };
		92B1F65323B73D880061505D /* StoryListDelegate.swift */ = {isa = PBXFileReference; lastKnownFileType = sourcecode.swift; path = StoryListDelegate.swift; sourceTree = "<group>"; };
		92B1F65523B744F70061505D /* AddNewStoryViewController.swift */ = {isa = PBXFileReference; lastKnownFileType = sourcecode.swift; path = AddNewStoryViewController.swift; sourceTree = "<group>"; };
		92B1F65923B7563F0061505D /* AddStoryModelable.swift */ = {isa = PBXFileReference; lastKnownFileType = sourcecode.swift; path = AddStoryModelable.swift; sourceTree = "<group>"; };
		92B1F65B23B757350061505D /* AddEditStoryViewModel.swift */ = {isa = PBXFileReference; lastKnownFileType = sourcecode.swift; path = AddEditStoryViewModel.swift; sourceTree = "<group>"; };
		92B1F65E23B774D60061505D /* Localizable.strings */ = {isa = PBXFileReference; lastKnownFileType = text.plist.strings; path = Localizable.strings; sourceTree = "<group>"; };
		92B1F66023B77EB00061505D /* DBObject.swift */ = {isa = PBXFileReference; lastKnownFileType = sourcecode.swift; path = DBObject.swift; sourceTree = "<group>"; };
		92B1F66223B77EEE0061505D /* DBService.swift */ = {isa = PBXFileReference; lastKnownFileType = sourcecode.swift; path = DBService.swift; sourceTree = "<group>"; };
		92B1F66423B77F8F0061505D /* CoreDataService.swift */ = {isa = PBXFileReference; lastKnownFileType = sourcecode.swift; path = CoreDataService.swift; sourceTree = "<group>"; };
		92B1F66723B7BBA40061505D /* Constants.swift */ = {isa = PBXFileReference; lastKnownFileType = sourcecode.swift; path = Constants.swift; sourceTree = "<group>"; };
		92B1F66923B7BBC90061505D /* ConstraintConstants.swift */ = {isa = PBXFileReference; lastKnownFileType = sourcecode.swift; path = ConstraintConstants.swift; sourceTree = "<group>"; };
		92B1F66B23B911490061505D /* Story+CoreDataProperties.swift */ = {isa = PBXFileReference; fileEncoding = 4; lastKnownFileType = sourcecode.swift; path = "Story+CoreDataProperties.swift"; sourceTree = "<group>"; };
		92B1F66C23B911490061505D /* Story+CoreDataClass.swift */ = {isa = PBXFileReference; fileEncoding = 4; lastKnownFileType = sourcecode.swift; path = "Story+CoreDataClass.swift"; sourceTree = "<group>"; };
		92BC5ABD23B6FD0A00C4DAE1 /* StoryApp.app */ = {isa = PBXFileReference; explicitFileType = wrapper.application; includeInIndex = 0; path = StoryApp.app; sourceTree = BUILT_PRODUCTS_DIR; };
		92BC5AC023B6FD0A00C4DAE1 /* AppDelegate.swift */ = {isa = PBXFileReference; lastKnownFileType = sourcecode.swift; path = AppDelegate.swift; sourceTree = "<group>"; };
		92BC5ACA23B6FD0A00C4DAE1 /* StoryApp.xcdatamodel */ = {isa = PBXFileReference; lastKnownFileType = wrapper.xcdatamodel; path = StoryApp.xcdatamodel; sourceTree = "<group>"; };
		92BC5ACC23B6FD1900C4DAE1 /* Assets.xcassets */ = {isa = PBXFileReference; lastKnownFileType = folder.assetcatalog; path = Assets.xcassets; sourceTree = "<group>"; };
		92BC5ACF23B6FD1900C4DAE1 /* Base */ = {isa = PBXFileReference; lastKnownFileType = file.storyboard; name = Base; path = Base.lproj/LaunchScreen.storyboard; sourceTree = "<group>"; };
		92BC5AD123B6FD1900C4DAE1 /* Info.plist */ = {isa = PBXFileReference; lastKnownFileType = text.plist.xml; path = Info.plist; sourceTree = "<group>"; };
		92BC5AD623B6FD1A00C4DAE1 /* StoryAppTests.xctest */ = {isa = PBXFileReference; explicitFileType = wrapper.cfbundle; includeInIndex = 0; path = StoryAppTests.xctest; sourceTree = BUILT_PRODUCTS_DIR; };
		92BC5ADA23B6FD1A00C4DAE1 /* StoryAppTests.swift */ = {isa = PBXFileReference; lastKnownFileType = sourcecode.swift; path = StoryAppTests.swift; sourceTree = "<group>"; };
		92BC5ADC23B6FD1A00C4DAE1 /* Info.plist */ = {isa = PBXFileReference; lastKnownFileType = text.plist.xml; path = Info.plist; sourceTree = "<group>"; };
		92BC5AEB23B6FE8500C4DAE1 /* Coordinator.swift */ = {isa = PBXFileReference; lastKnownFileType = sourcecode.swift; path = Coordinator.swift; sourceTree = "<group>"; };
		92BC5AED23B6FEAC00C4DAE1 /* CoordinatorService.swift */ = {isa = PBXFileReference; lastKnownFileType = sourcecode.swift; path = CoordinatorService.swift; sourceTree = "<group>"; };
		92BC5AF023B6FEEC00C4DAE1 /* AssignnemtQuestion.txt */ = {isa = PBXFileReference; lastKnownFileType = text; path = AssignnemtQuestion.txt; sourceTree = "<group>"; };
		92BC5AF323B7003E00C4DAE1 /* StoryListViewController.swift */ = {isa = PBXFileReference; lastKnownFileType = sourcecode.swift; path = StoryListViewController.swift; sourceTree = "<group>"; };
		92BC5AF623B7008B00C4DAE1 /* StoryListViewModel.swift */ = {isa = PBXFileReference; lastKnownFileType = sourcecode.swift; path = StoryListViewModel.swift; sourceTree = "<group>"; };
		92BC5AF923B7013700C4DAE1 /* StoryListViewModelable.swift */ = {isa = PBXFileReference; lastKnownFileType = sourcecode.swift; path = StoryListViewModelable.swift; sourceTree = "<group>"; };
		92DFF60F23B9CBAF00F4B950 /* Logic.txt */ = {isa = PBXFileReference; fileEncoding = 4; lastKnownFileType = text; path = Logic.txt; sourceTree = "<group>"; };
		92DFF61323B9D42300F4B950 /* .swiftlint.yml */ = {isa = PBXFileReference; fileEncoding = 4; lastKnownFileType = text.yaml; path = .swiftlint.yml; sourceTree = SOURCE_ROOT; };
		DE0767270D2F2F409B821FA4 /* Pods-StoryApp.debug.xcconfig */ = {isa = PBXFileReference; includeInIndex = 1; lastKnownFileType = text.xcconfig; name = "Pods-StoryApp.debug.xcconfig"; path = "Target Support Files/Pods-StoryApp/Pods-StoryApp.debug.xcconfig"; sourceTree = "<group>"; };
		FB462C6724A164332CC76751 /* Pods-StoryAppTests.debug.xcconfig */ = {isa = PBXFileReference; includeInIndex = 1; lastKnownFileType = text.xcconfig; name = "Pods-StoryAppTests.debug.xcconfig"; path = "Target Support Files/Pods-StoryAppTests/Pods-StoryAppTests.debug.xcconfig"; sourceTree = "<group>"; };
/* End PBXFileReference section */

/* Begin PBXFrameworksBuildPhase section */
		92BC5ABA23B6FD0A00C4DAE1 /* Frameworks */ = {
			isa = PBXFrameworksBuildPhase;
			buildActionMask = 2147483647;
			files = (
				927D764E23BA414D0044D15F /* CoreTelephony.framework in Frameworks */,
				B78E438BEFEF0C9CED59BBF5 /* Pods_StoryApp.framework in Frameworks */,
			);
			runOnlyForDeploymentPostprocessing = 0;
		};
		92BC5AD323B6FD1A00C4DAE1 /* Frameworks */ = {
			isa = PBXFrameworksBuildPhase;
			buildActionMask = 2147483647;
			files = (
				4CF83F1ED0C2A5E1E34A4ACD /* Pods_StoryAppTests.framework in Frameworks */,
			);
			runOnlyForDeploymentPostprocessing = 0;
		};
/* End PBXFrameworksBuildPhase section */

/* Begin PBXGroup section */
		8076A5FC1139FF68F64E32AD /* Frameworks */ = {
			isa = PBXGroup;
			children = (
				927D764D23BA414D0044D15F /* CoreTelephony.framework */,
				0B250BA0F2505C31AE3BE59A /* Pods_StoryApp.framework */,
				22763BBA68145C8AC07FE129 /* Pods_StoryAppTests.framework */,
			);
			name = Frameworks;
			sourceTree = "<group>";
		};
		924C1D1023B7102D00E7CAFB /* Sync */ = {
			isa = PBXGroup;
			children = (
				922C9CC323B9ABA100EECD03 /* SyncManager.swift */,
			);
			path = Sync;
			sourceTree = "<group>";
		};
		924C1D1323B72DE300E7CAFB /* DataSources */ = {
			isa = PBXGroup;
			children = (
				924C1D1423B72DFF00E7CAFB /* StoryListDataSource.swift */,
			);
			path = DataSources;
			sourceTree = "<group>";
		};
		927D764A23BA2EDA0044D15F /* ReachabilityManager */ = {
			isa = PBXGroup;
			children = (
				927D764B23BA2EF60044D15F /* ReachabilityManager.swift */,
			);
			path = ReachabilityManager;
			sourceTree = "<group>";
		};
		92B1F64523B739E00061505D /* TableViewCell */ = {
			isa = PBXGroup;
			children = (
				92B1F64623B739FD0061505D /* StoryTableViewCell.swift */,
			);
			path = TableViewCell;
			sourceTree = "<group>";
		};
		92B1F65223B73D770061505D /* Delegates */ = {
			isa = PBXGroup;
			children = (
				92B1F65323B73D880061505D /* StoryListDelegate.swift */,
			);
			path = Delegates;
			sourceTree = "<group>";
		};
		92B1F65D23B774A30061505D /* LocalizedTexts */ = {
			isa = PBXGroup;
			children = (
				92B1F65E23B774D60061505D /* Localizable.strings */,
			);
			path = LocalizedTexts;
			sourceTree = "<group>";
		};
		92B1F66623B7BB950061505D /* Enums */ = {
			isa = PBXGroup;
			children = (
				92B1F66723B7BBA40061505D /* Constants.swift */,
				92B1F66923B7BBC90061505D /* ConstraintConstants.swift */,
			);
			path = Enums;
			sourceTree = "<group>";
		};
		92BC5AB423B6FD0A00C4DAE1 = {
			isa = PBXGroup;
			children = (
				92BC5ABF23B6FD0A00C4DAE1 /* StoryApp */,
				92BC5AD923B6FD1A00C4DAE1 /* StoryAppTests */,
				92BC5ABE23B6FD0A00C4DAE1 /* Products */,
				96B8107E64A8EBFFEB397DBC /* Pods */,
				8076A5FC1139FF68F64E32AD /* Frameworks */,
			);
			sourceTree = "<group>";
		};
		92BC5ABE23B6FD0A00C4DAE1 /* Products */ = {
			isa = PBXGroup;
			children = (
				92BC5ABD23B6FD0A00C4DAE1 /* StoryApp.app */,
				92BC5AD623B6FD1A00C4DAE1 /* StoryAppTests.xctest */,
			);
			name = Products;
			sourceTree = "<group>";
		};
		92BC5ABF23B6FD0A00C4DAE1 /* StoryApp */ = {
			isa = PBXGroup;
			children = (
				927D764A23BA2EDA0044D15F /* ReachabilityManager */,
				92DFF61223B9D41600F4B950 /* SwiftLint */,
				92B1F66623B7BB950061505D /* Enums */,
				92B1F65D23B774A30061505D /* LocalizedTexts */,
				92B1F65223B73D770061505D /* Delegates */,
				92B1F64523B739E00061505D /* TableViewCell */,
				924C1D1323B72DE300E7CAFB /* DataSources */,
				924C1D1023B7102D00E7CAFB /* Sync */,
				92BC5AF823B7012600C4DAE1 /* Protocols */,
				92BC5AF523B7007200C4DAE1 /* ViewModel */,
				92BC5AF223B7002600C4DAE1 /* ViewController */,
				92BC5AEF23B6FECD00C4DAE1 /* ReleaseNotes */,
				92BC5AEA23B6FE7400C4DAE1 /* Coordinator */,
				92BC5AE723B6FDC600C4DAE1 /* CoreData */,
				92BC5AE623B6FDB500C4DAE1 /* Resources */,
				92BC5AE523B6FDA500C4DAE1 /* App */,
				92BC5AD123B6FD1900C4DAE1 /* Info.plist */,
			);
			path = StoryApp;
			sourceTree = "<group>";
		};
		92BC5AD923B6FD1A00C4DAE1 /* StoryAppTests */ = {
			isa = PBXGroup;
			children = (
				92BC5ADA23B6FD1A00C4DAE1 /* StoryAppTests.swift */,
				92BC5ADC23B6FD1A00C4DAE1 /* Info.plist */,
			);
			path = StoryAppTests;
			sourceTree = "<group>";
		};
		92BC5AE523B6FDA500C4DAE1 /* App */ = {
			isa = PBXGroup;
			children = (
				92BC5AC023B6FD0A00C4DAE1 /* AppDelegate.swift */,
			);
			path = App;
			sourceTree = "<group>";
		};
		92BC5AE623B6FDB500C4DAE1 /* Resources */ = {
			isa = PBXGroup;
			children = (
				92BC5ACC23B6FD1900C4DAE1 /* Assets.xcassets */,
				92BC5ACE23B6FD1900C4DAE1 /* LaunchScreen.storyboard */,
			);
			path = Resources;
			sourceTree = "<group>";
		};
		92BC5AE723B6FDC600C4DAE1 /* CoreData */ = {
			isa = PBXGroup;
			children = (
				922C9CBF23B9AAA500EECD03 /* ServerTime+CoreDataClass.swift */,
				922C9CC023B9AAA500EECD03 /* ServerTime+CoreDataProperties.swift */,
				92B1F66C23B911490061505D /* Story+CoreDataClass.swift */,
				92B1F66B23B911490061505D /* Story+CoreDataProperties.swift */,
				92BC5AC923B6FD0A00C4DAE1 /* StoryApp.xcdatamodeld */,
				92B1F66023B77EB00061505D /* DBObject.swift */,
				92B1F66223B77EEE0061505D /* DBService.swift */,
				92B1F66423B77F8F0061505D /* CoreDataService.swift */,
			);
			path = CoreData;
			sourceTree = "<group>";
		};
		92BC5AEA23B6FE7400C4DAE1 /* Coordinator */ = {
			isa = PBXGroup;
			children = (
				92BC5AEB23B6FE8500C4DAE1 /* Coordinator.swift */,
				92BC5AED23B6FEAC00C4DAE1 /* CoordinatorService.swift */,
			);
			path = Coordinator;
			sourceTree = "<group>";
		};
		92BC5AEF23B6FECD00C4DAE1 /* ReleaseNotes */ = {
			isa = PBXGroup;
			children = (
				92DFF60F23B9CBAF00F4B950 /* Logic.txt */,
				92BC5AF023B6FEEC00C4DAE1 /* AssignnemtQuestion.txt */,
			);
			path = ReleaseNotes;
			sourceTree = "<group>";
		};
		92BC5AF223B7002600C4DAE1 /* ViewController */ = {
			isa = PBXGroup;
			children = (
				92BC5AF323B7003E00C4DAE1 /* StoryListViewController.swift */,
				92B1F65523B744F70061505D /* AddNewStoryViewController.swift */,
			);
			path = ViewController;
			sourceTree = "<group>";
		};
		92BC5AF523B7007200C4DAE1 /* ViewModel */ = {
			isa = PBXGroup;
			children = (
				92BC5AF623B7008B00C4DAE1 /* StoryListViewModel.swift */,
				92B1F65B23B757350061505D /* AddEditStoryViewModel.swift */,
			);
			path = ViewModel;
			sourceTree = "<group>";
		};
		92BC5AF823B7012600C4DAE1 /* Protocols */ = {
			isa = PBXGroup;
			children = (
				92BC5AF923B7013700C4DAE1 /* StoryListViewModelable.swift */,
				92B1F64823B73A350061505D /* StoryTableCellable.swift */,
				92B1F65923B7563F0061505D /* AddStoryModelable.swift */,
			);
			path = Protocols;
			sourceTree = "<group>";
		};
		92DFF61223B9D41600F4B950 /* SwiftLint */ = {
			isa = PBXGroup;
			children = (
				92DFF61323B9D42300F4B950 /* .swiftlint.yml */,
			);
			path = SwiftLint;
			sourceTree = "<group>";
		};
		96B8107E64A8EBFFEB397DBC /* Pods */ = {
			isa = PBXGroup;
			children = (
				DE0767270D2F2F409B821FA4 /* Pods-StoryApp.debug.xcconfig */,
				2EF6B019A662AC01213C009E /* Pods-StoryApp.release.xcconfig */,
				FB462C6724A164332CC76751 /* Pods-StoryAppTests.debug.xcconfig */,
				59205AE0E1FCA653D796DB95 /* Pods-StoryAppTests.release.xcconfig */,
			);
			path = Pods;
			sourceTree = "<group>";
		};
/* End PBXGroup section */

/* Begin PBXNativeTarget section */
		92BC5ABC23B6FD0A00C4DAE1 /* StoryApp */ = {
			isa = PBXNativeTarget;
			buildConfigurationList = 92BC5ADF23B6FD1A00C4DAE1 /* Build configuration list for PBXNativeTarget "StoryApp" */;
			buildPhases = (
				671095A80383C7EEBEA2B757 /* [CP] Check Pods Manifest.lock */,
				92BC5AB923B6FD0A00C4DAE1 /* Sources */,
				92DFF61123B9CF6400F4B950 /* swift lint */,
				92BC5ABA23B6FD0A00C4DAE1 /* Frameworks */,
				92BC5ABB23B6FD0A00C4DAE1 /* Resources */,
				A5CFF098F8FB3CBADD1E775E /* [CP] Embed Pods Frameworks */,
			);
			buildRules = (
			);
			dependencies = (
			);
			name = StoryApp;
			productName = StoryApp;
			productReference = 92BC5ABD23B6FD0A00C4DAE1 /* StoryApp.app */;
			productType = "com.apple.product-type.application";
		};
		92BC5AD523B6FD1A00C4DAE1 /* StoryAppTests */ = {
			isa = PBXNativeTarget;
			buildConfigurationList = 92BC5AE223B6FD1A00C4DAE1 /* Build configuration list for PBXNativeTarget "StoryAppTests" */;
			buildPhases = (
				63C5963292CD137136CD05F2 /* [CP] Check Pods Manifest.lock */,
				92BC5AD223B6FD1A00C4DAE1 /* Sources */,
				92BC5AD323B6FD1A00C4DAE1 /* Frameworks */,
				92BC5AD423B6FD1A00C4DAE1 /* Resources */,
			);
			buildRules = (
			);
			dependencies = (
				92BC5AD823B6FD1A00C4DAE1 /* PBXTargetDependency */,
			);
			name = StoryAppTests;
			productName = StoryAppTests;
			productReference = 92BC5AD623B6FD1A00C4DAE1 /* StoryAppTests.xctest */;
			productType = "com.apple.product-type.bundle.unit-test";
		};
/* End PBXNativeTarget section */

/* Begin PBXProject section */
		92BC5AB523B6FD0A00C4DAE1 /* Project object */ = {
			isa = PBXProject;
			attributes = {
				LastSwiftUpdateCheck = 1120;
				LastUpgradeCheck = 1120;
				ORGANIZATIONNAME = "iOS Developer";
				TargetAttributes = {
					92BC5ABC23B6FD0A00C4DAE1 = {
						CreatedOnToolsVersion = 11.2.1;
					};
					92BC5AD523B6FD1A00C4DAE1 = {
						CreatedOnToolsVersion = 11.2.1;
						TestTargetID = 92BC5ABC23B6FD0A00C4DAE1;
					};
				};
			};
			buildConfigurationList = 92BC5AB823B6FD0A00C4DAE1 /* Build configuration list for PBXProject "StoryApp" */;
			compatibilityVersion = "Xcode 9.3";
			developmentRegion = en;
			hasScannedForEncodings = 0;
			knownRegions = (
				en,
				Base,
			);
			mainGroup = 92BC5AB423B6FD0A00C4DAE1;
			productRefGroup = 92BC5ABE23B6FD0A00C4DAE1 /* Products */;
			projectDirPath = "";
			projectRoot = "";
			targets = (
				92BC5ABC23B6FD0A00C4DAE1 /* StoryApp */,
				92BC5AD523B6FD1A00C4DAE1 /* StoryAppTests */,
			);
		};
/* End PBXProject section */

/* Begin PBXResourcesBuildPhase section */
		92BC5ABB23B6FD0A00C4DAE1 /* Resources */ = {
			isa = PBXResourcesBuildPhase;
			buildActionMask = 2147483647;
			files = (
				92BC5AD023B6FD1900C4DAE1 /* LaunchScreen.storyboard in Resources */,
				92DFF61023B9CBB000F4B950 /* Logic.txt in Resources */,
				92B1F65F23B774D60061505D /* Localizable.strings in Resources */,
				92BC5ACD23B6FD1900C4DAE1 /* Assets.xcassets in Resources */,
			);
			runOnlyForDeploymentPostprocessing = 0;
		};
		92BC5AD423B6FD1A00C4DAE1 /* Resources */ = {
			isa = PBXResourcesBuildPhase;
			buildActionMask = 2147483647;
			files = (
			);
			runOnlyForDeploymentPostprocessing = 0;
		};
/* End PBXResourcesBuildPhase section */

/* Begin PBXShellScriptBuildPhase section */
		63C5963292CD137136CD05F2 /* [CP] Check Pods Manifest.lock */ = {
			isa = PBXShellScriptBuildPhase;
			buildActionMask = 2147483647;
			files = (
			);
			inputFileListPaths = (
			);
			inputPaths = (
				"${PODS_PODFILE_DIR_PATH}/Podfile.lock",
				"${PODS_ROOT}/Manifest.lock",
			);
			name = "[CP] Check Pods Manifest.lock";
			outputFileListPaths = (
			);
			outputPaths = (
				"$(DERIVED_FILE_DIR)/Pods-StoryAppTests-checkManifestLockResult.txt",
			);
			runOnlyForDeploymentPostprocessing = 0;
			shellPath = /bin/sh;
			shellScript = "diff \"${PODS_PODFILE_DIR_PATH}/Podfile.lock\" \"${PODS_ROOT}/Manifest.lock\" > /dev/null\nif [ $? != 0 ] ; then\n    # print error to STDERR\n    echo \"error: The sandbox is not in sync with the Podfile.lock. Run 'pod install' or update your CocoaPods installation.\" >&2\n    exit 1\nfi\n# This output is used by Xcode 'outputs' to avoid re-running this script phase.\necho \"SUCCESS\" > \"${SCRIPT_OUTPUT_FILE_0}\"\n";
			showEnvVarsInLog = 0;
		};
		671095A80383C7EEBEA2B757 /* [CP] Check Pods Manifest.lock */ = {
			isa = PBXShellScriptBuildPhase;
			buildActionMask = 2147483647;
			files = (
			);
			inputFileListPaths = (
			);
			inputPaths = (
				"${PODS_PODFILE_DIR_PATH}/Podfile.lock",
				"${PODS_ROOT}/Manifest.lock",
			);
			name = "[CP] Check Pods Manifest.lock";
			outputFileListPaths = (
			);
			outputPaths = (
				"$(DERIVED_FILE_DIR)/Pods-StoryApp-checkManifestLockResult.txt",
			);
			runOnlyForDeploymentPostprocessing = 0;
			shellPath = /bin/sh;
			shellScript = "diff \"${PODS_PODFILE_DIR_PATH}/Podfile.lock\" \"${PODS_ROOT}/Manifest.lock\" > /dev/null\nif [ $? != 0 ] ; then\n    # print error to STDERR\n    echo \"error: The sandbox is not in sync with the Podfile.lock. Run 'pod install' or update your CocoaPods installation.\" >&2\n    exit 1\nfi\n# This output is used by Xcode 'outputs' to avoid re-running this script phase.\necho \"SUCCESS\" > \"${SCRIPT_OUTPUT_FILE_0}\"\n";
			showEnvVarsInLog = 0;
		};
		92DFF61123B9CF6400F4B950 /* swift lint */ = {
			isa = PBXShellScriptBuildPhase;
			buildActionMask = 2147483647;
			files = (
			);
			inputFileListPaths = (
			);
			inputPaths = (
			);
			name = "swift lint";
			outputFileListPaths = (
			);
			outputPaths = (
			);
			runOnlyForDeploymentPostprocessing = 0;
			shellPath = /bin/sh;
			shellScript = "\"${PODS_ROOT}/SwiftLint/swiftlint\"\n";
		};
		A5CFF098F8FB3CBADD1E775E /* [CP] Embed Pods Frameworks */ = {
			isa = PBXShellScriptBuildPhase;
			buildActionMask = 2147483647;
			files = (
			);
			inputFileListPaths = (
				"${PODS_ROOT}/Target Support Files/Pods-StoryApp/Pods-StoryApp-frameworks-${CONFIGURATION}-input-files.xcfilelist",
			);
			name = "[CP] Embed Pods Frameworks";
			outputFileListPaths = (
				"${PODS_ROOT}/Target Support Files/Pods-StoryApp/Pods-StoryApp-frameworks-${CONFIGURATION}-output-files.xcfilelist",
			);
			runOnlyForDeploymentPostprocessing = 0;
			shellPath = /bin/sh;
			shellScript = "\"${PODS_ROOT}/Target Support Files/Pods-StoryApp/Pods-StoryApp-frameworks.sh\"\n";
			showEnvVarsInLog = 0;
		};
/* End PBXShellScriptBuildPhase section */

/* Begin PBXSourcesBuildPhase section */
		92BC5AB923B6FD0A00C4DAE1 /* Sources */ = {
			isa = PBXSourcesBuildPhase;
			buildActionMask = 2147483647;
			files = (
				92BC5AEC23B6FE8500C4DAE1 /* Coordinator.swift in Sources */,
				92B1F66D23B911490061505D /* Story+CoreDataProperties.swift in Sources */,
				92B1F65A23B7563F0061505D /* AddStoryModelable.swift in Sources */,
				92B1F66A23B7BBC90061505D /* ConstraintConstants.swift in Sources */,
				92B1F64923B73A350061505D /* StoryTableCellable.swift in Sources */,
				92B1F65623B744F70061505D /* AddNewStoryViewController.swift in Sources */,
				92B1F65C23B757350061505D /* AddEditStoryViewModel.swift in Sources */,
				92B1F66323B77EEE0061505D /* DBService.swift in Sources */,
				92BC5AEE23B6FEAC00C4DAE1 /* CoordinatorService.swift in Sources */,
				922C9CC123B9AAA500EECD03 /* ServerTime+CoreDataClass.swift in Sources */,
				92BC5AFA23B7013700C4DAE1 /* StoryListViewModelable.swift in Sources */,
				922C9CC223B9AAA500EECD03 /* ServerTime+CoreDataProperties.swift in Sources */,
				922C9CC423B9ABA100EECD03 /* SyncManager.swift in Sources */,
				92BC5AF723B7008B00C4DAE1 /* StoryListViewModel.swift in Sources */,
				92B1F66E23B911490061505D /* Story+CoreDataClass.swift in Sources */,
				92B1F65423B73D880061505D /* StoryListDelegate.swift in Sources */,
				92B1F66523B77F8F0061505D /* CoreDataService.swift in Sources */,
				92BC5AC123B6FD0A00C4DAE1 /* AppDelegate.swift in Sources */,
				92B1F66123B77EB00061505D /* DBObject.swift in Sources */,
				92BC5ACB23B6FD0A00C4DAE1 /* StoryApp.xcdatamodeld in Sources */,
				92B1F66823B7BBA40061505D /* Constants.swift in Sources */,
				92BC5AF423B7003E00C4DAE1 /* StoryListViewController.swift in Sources */,
				924C1D1523B72DFF00E7CAFB /* StoryListDataSource.swift in Sources */,
				92B1F64723B739FD0061505D /* StoryTableViewCell.swift in Sources */,
				927D764C23BA2EF60044D15F /* ReachabilityManager.swift in Sources */,
			);
			runOnlyForDeploymentPostprocessing = 0;
		};
		92BC5AD223B6FD1A00C4DAE1 /* Sources */ = {
			isa = PBXSourcesBuildPhase;
			buildActionMask = 2147483647;
			files = (
				92BC5ADB23B6FD1A00C4DAE1 /* StoryAppTests.swift in Sources */,
			);
			runOnlyForDeploymentPostprocessing = 0;
		};
/* End PBXSourcesBuildPhase section */

/* Begin PBXTargetDependency section */
		92BC5AD823B6FD1A00C4DAE1 /* PBXTargetDependency */ = {
			isa = PBXTargetDependency;
			target = 92BC5ABC23B6FD0A00C4DAE1 /* StoryApp */;
			targetProxy = 92BC5AD723B6FD1A00C4DAE1 /* PBXContainerItemProxy */;
		};
/* End PBXTargetDependency section */

/* Begin PBXVariantGroup section */
		92BC5ACE23B6FD1900C4DAE1 /* LaunchScreen.storyboard */ = {
			isa = PBXVariantGroup;
			children = (
				92BC5ACF23B6FD1900C4DAE1 /* Base */,
			);
			name = LaunchScreen.storyboard;
			sourceTree = "<group>";
		};
/* End PBXVariantGroup section */

/* Begin XCBuildConfiguration section */
		92BC5ADD23B6FD1A00C4DAE1 /* Debug */ = {
			isa = XCBuildConfiguration;
			buildSettings = {
				ALWAYS_SEARCH_USER_PATHS = NO;
				CLANG_ANALYZER_NONNULL = YES;
				CLANG_ANALYZER_NUMBER_OBJECT_CONVERSION = YES_AGGRESSIVE;
				CLANG_CXX_LANGUAGE_STANDARD = "gnu++14";
				CLANG_CXX_LIBRARY = "libc++";
				CLANG_ENABLE_MODULES = YES;
				CLANG_ENABLE_OBJC_ARC = YES;
				CLANG_ENABLE_OBJC_WEAK = YES;
				CLANG_WARN_BLOCK_CAPTURE_AUTORELEASING = YES;
				CLANG_WARN_BOOL_CONVERSION = YES;
				CLANG_WARN_COMMA = YES;
				CLANG_WARN_CONSTANT_CONVERSION = YES;
				CLANG_WARN_DEPRECATED_OBJC_IMPLEMENTATIONS = YES;
				CLANG_WARN_DIRECT_OBJC_ISA_USAGE = YES_ERROR;
				CLANG_WARN_DOCUMENTATION_COMMENTS = YES;
				CLANG_WARN_EMPTY_BODY = YES;
				CLANG_WARN_ENUM_CONVERSION = YES;
				CLANG_WARN_INFINITE_RECURSION = YES;
				CLANG_WARN_INT_CONVERSION = YES;
				CLANG_WARN_NON_LITERAL_NULL_CONVERSION = YES;
				CLANG_WARN_OBJC_IMPLICIT_RETAIN_SELF = YES;
				CLANG_WARN_OBJC_LITERAL_CONVERSION = YES;
				CLANG_WARN_OBJC_ROOT_CLASS = YES_ERROR;
				CLANG_WARN_RANGE_LOOP_ANALYSIS = YES;
				CLANG_WARN_STRICT_PROTOTYPES = YES;
				CLANG_WARN_SUSPICIOUS_MOVE = YES;
				CLANG_WARN_UNGUARDED_AVAILABILITY = YES_AGGRESSIVE;
				CLANG_WARN_UNREACHABLE_CODE = YES;
				CLANG_WARN__DUPLICATE_METHOD_MATCH = YES;
				COPY_PHASE_STRIP = NO;
				DEBUG_INFORMATION_FORMAT = dwarf;
				ENABLE_STRICT_OBJC_MSGSEND = YES;
				ENABLE_TESTABILITY = YES;
				GCC_C_LANGUAGE_STANDARD = gnu11;
				GCC_DYNAMIC_NO_PIC = NO;
				GCC_NO_COMMON_BLOCKS = YES;
				GCC_OPTIMIZATION_LEVEL = 0;
				GCC_PREPROCESSOR_DEFINITIONS = (
					"DEBUG=1",
					"$(inherited)",
				);
				GCC_WARN_64_TO_32_BIT_CONVERSION = YES;
				GCC_WARN_ABOUT_RETURN_TYPE = YES_ERROR;
				GCC_WARN_UNDECLARED_SELECTOR = YES;
				GCC_WARN_UNINITIALIZED_AUTOS = YES_AGGRESSIVE;
				GCC_WARN_UNUSED_FUNCTION = YES;
				GCC_WARN_UNUSED_VARIABLE = YES;
				IPHONEOS_DEPLOYMENT_TARGET = 13.2;
				MTL_ENABLE_DEBUG_INFO = INCLUDE_SOURCE;
				MTL_FAST_MATH = YES;
				ONLY_ACTIVE_ARCH = YES;
				SDKROOT = iphoneos;
				SWIFT_ACTIVE_COMPILATION_CONDITIONS = DEBUG;
				SWIFT_OPTIMIZATION_LEVEL = "-Onone";
			};
			name = Debug;
		};
		92BC5ADE23B6FD1A00C4DAE1 /* Release */ = {
			isa = XCBuildConfiguration;
			buildSettings = {
				ALWAYS_SEARCH_USER_PATHS = NO;
				CLANG_ANALYZER_NONNULL = YES;
				CLANG_ANALYZER_NUMBER_OBJECT_CONVERSION = YES_AGGRESSIVE;
				CLANG_CXX_LANGUAGE_STANDARD = "gnu++14";
				CLANG_CXX_LIBRARY = "libc++";
				CLANG_ENABLE_MODULES = YES;
				CLANG_ENABLE_OBJC_ARC = YES;
				CLANG_ENABLE_OBJC_WEAK = YES;
				CLANG_WARN_BLOCK_CAPTURE_AUTORELEASING = YES;
				CLANG_WARN_BOOL_CONVERSION = YES;
				CLANG_WARN_COMMA = YES;
				CLANG_WARN_CONSTANT_CONVERSION = YES;
				CLANG_WARN_DEPRECATED_OBJC_IMPLEMENTATIONS = YES;
				CLANG_WARN_DIRECT_OBJC_ISA_USAGE = YES_ERROR;
				CLANG_WARN_DOCUMENTATION_COMMENTS = YES;
				CLANG_WARN_EMPTY_BODY = YES;
				CLANG_WARN_ENUM_CONVERSION = YES;
				CLANG_WARN_INFINITE_RECURSION = YES;
				CLANG_WARN_INT_CONVERSION = YES;
				CLANG_WARN_NON_LITERAL_NULL_CONVERSION = YES;
				CLANG_WARN_OBJC_IMPLICIT_RETAIN_SELF = YES;
				CLANG_WARN_OBJC_LITERAL_CONVERSION = YES;
				CLANG_WARN_OBJC_ROOT_CLASS = YES_ERROR;
				CLANG_WARN_RANGE_LOOP_ANALYSIS = YES;
				CLANG_WARN_STRICT_PROTOTYPES = YES;
				CLANG_WARN_SUSPICIOUS_MOVE = YES;
				CLANG_WARN_UNGUARDED_AVAILABILITY = YES_AGGRESSIVE;
				CLANG_WARN_UNREACHABLE_CODE = YES;
				CLANG_WARN__DUPLICATE_METHOD_MATCH = YES;
				COPY_PHASE_STRIP = NO;
				DEBUG_INFORMATION_FORMAT = "dwarf-with-dsym";
				ENABLE_NS_ASSERTIONS = NO;
				ENABLE_STRICT_OBJC_MSGSEND = YES;
				GCC_C_LANGUAGE_STANDARD = gnu11;
				GCC_NO_COMMON_BLOCKS = YES;
				GCC_WARN_64_TO_32_BIT_CONVERSION = YES;
				GCC_WARN_ABOUT_RETURN_TYPE = YES_ERROR;
				GCC_WARN_UNDECLARED_SELECTOR = YES;
				GCC_WARN_UNINITIALIZED_AUTOS = YES_AGGRESSIVE;
				GCC_WARN_UNUSED_FUNCTION = YES;
				GCC_WARN_UNUSED_VARIABLE = YES;
				IPHONEOS_DEPLOYMENT_TARGET = 13.2;
				MTL_ENABLE_DEBUG_INFO = NO;
				MTL_FAST_MATH = YES;
				SDKROOT = iphoneos;
				SWIFT_COMPILATION_MODE = wholemodule;
				SWIFT_OPTIMIZATION_LEVEL = "-O";
				VALIDATE_PRODUCT = YES;
			};
			name = Release;
		};
		92BC5AE023B6FD1A00C4DAE1 /* Debug */ = {
			isa = XCBuildConfiguration;
			baseConfigurationReference = DE0767270D2F2F409B821FA4 /* Pods-StoryApp.debug.xcconfig */;
			buildSettings = {
				ASSETCATALOG_COMPILER_APPICON_NAME = AppIcon;
				CODE_SIGN_STYLE = Automatic;
				INFOPLIST_FILE = StoryApp/Info.plist;
				LD_RUNPATH_SEARCH_PATHS = (
					"$(inherited)",
					"@executable_path/Frameworks",
				);
				PRODUCT_BUNDLE_IDENTIFIER = com.crossdev.StoryApp;
				PRODUCT_NAME = "$(TARGET_NAME)";
				SWIFT_VERSION = 5.0;
				TARGETED_DEVICE_FAMILY = "1,2";
			};
			name = Debug;
		};
		92BC5AE123B6FD1A00C4DAE1 /* Release */ = {
			isa = XCBuildConfiguration;
			baseConfigurationReference = 2EF6B019A662AC01213C009E /* Pods-StoryApp.release.xcconfig */;
			buildSettings = {
				ASSETCATALOG_COMPILER_APPICON_NAME = AppIcon;
				CODE_SIGN_STYLE = Automatic;
				INFOPLIST_FILE = StoryApp/Info.plist;
				LD_RUNPATH_SEARCH_PATHS = (
					"$(inherited)",
					"@executable_path/Frameworks",
				);
				PRODUCT_BUNDLE_IDENTIFIER = com.crossdev.StoryApp;
				PRODUCT_NAME = "$(TARGET_NAME)";
				SWIFT_VERSION = 5.0;
				TARGETED_DEVICE_FAMILY = "1,2";
			};
			name = Release;
		};
		92BC5AE323B6FD1A00C4DAE1 /* Debug */ = {
			isa = XCBuildConfiguration;
			baseConfigurationReference = FB462C6724A164332CC76751 /* Pods-StoryAppTests.debug.xcconfig */;
			buildSettings = {
				ALWAYS_EMBED_SWIFT_STANDARD_LIBRARIES = YES;
				BUNDLE_LOADER = "$(TEST_HOST)";
				CODE_SIGN_STYLE = Automatic;
				INFOPLIST_FILE = StoryAppTests/Info.plist;
				IPHONEOS_DEPLOYMENT_TARGET = 13.2;
				LD_RUNPATH_SEARCH_PATHS = (
					"$(inherited)",
					"@executable_path/Frameworks",
					"@loader_path/Frameworks",
				);
				PRODUCT_BUNDLE_IDENTIFIER = com.crossdev.StoryAppTests;
				PRODUCT_NAME = "$(TARGET_NAME)";
				SWIFT_VERSION = 5.0;
				TARGETED_DEVICE_FAMILY = "1,2";
				TEST_HOST = "$(BUILT_PRODUCTS_DIR)/StoryApp.app/StoryApp";
			};
			name = Debug;
		};
		92BC5AE423B6FD1A00C4DAE1 /* Release */ = {
			isa = XCBuildConfiguration;
			baseConfigurationReference = 59205AE0E1FCA653D796DB95 /* Pods-StoryAppTests.release.xcconfig */;
			buildSettings = {
				ALWAYS_EMBED_SWIFT_STANDARD_LIBRARIES = YES;
				BUNDLE_LOADER = "$(TEST_HOST)";
				CODE_SIGN_STYLE = Automatic;
				INFOPLIST_FILE = StoryAppTests/Info.plist;
				IPHONEOS_DEPLOYMENT_TARGET = 13.2;
				LD_RUNPATH_SEARCH_PATHS = (
					"$(inherited)",
					"@executable_path/Frameworks",
					"@loader_path/Frameworks",
				);
				PRODUCT_BUNDLE_IDENTIFIER = com.crossdev.StoryAppTests;
				PRODUCT_NAME = "$(TARGET_NAME)";
				SWIFT_VERSION = 5.0;
				TARGETED_DEVICE_FAMILY = "1,2";
				TEST_HOST = "$(BUILT_PRODUCTS_DIR)/StoryApp.app/StoryApp";
			};
			name = Release;
		};
/* End XCBuildConfiguration section */

/* Begin XCConfigurationList section */
		92BC5AB823B6FD0A00C4DAE1 /* Build configuration list for PBXProject "StoryApp" */ = {
			isa = XCConfigurationList;
			buildConfigurations = (
				92BC5ADD23B6FD1A00C4DAE1 /* Debug */,
				92BC5ADE23B6FD1A00C4DAE1 /* Release */,
			);
			defaultConfigurationIsVisible = 0;
			defaultConfigurationName = Release;
		};
		92BC5ADF23B6FD1A00C4DAE1 /* Build configuration list for PBXNativeTarget "StoryApp" */ = {
			isa = XCConfigurationList;
			buildConfigurations = (
				92BC5AE023B6FD1A00C4DAE1 /* Debug */,
				92BC5AE123B6FD1A00C4DAE1 /* Release */,
			);
			defaultConfigurationIsVisible = 0;
			defaultConfigurationName = Release;
		};
		92BC5AE223B6FD1A00C4DAE1 /* Build configuration list for PBXNativeTarget "StoryAppTests" */ = {
			isa = XCConfigurationList;
			buildConfigurations = (
				92BC5AE323B6FD1A00C4DAE1 /* Debug */,
				92BC5AE423B6FD1A00C4DAE1 /* Release */,
			);
			defaultConfigurationIsVisible = 0;
			defaultConfigurationName = Release;
		};
/* End XCConfigurationList section */

/* Begin XCVersionGroup section */
		92BC5AC923B6FD0A00C4DAE1 /* StoryApp.xcdatamodeld */ = {
			isa = XCVersionGroup;
			children = (
				92BC5ACA23B6FD0A00C4DAE1 /* StoryApp.xcdatamodel */,
			);
			currentVersion = 92BC5ACA23B6FD0A00C4DAE1 /* StoryApp.xcdatamodel */;
			path = StoryApp.xcdatamodeld;
			sourceTree = "<group>";
			versionGroupType = wrapper.xcdatamodel;
		};
/* End XCVersionGroup section */
	};
	rootObject = 92BC5AB523B6FD0A00C4DAE1 /* Project object */;
}
